// !$*UTF8*$!
{
	archiveVersion = 1;
	classes = {
	};
	objectVersion = 56;
	objects = {

/* Begin PBXBuildFile section */
		8304B1012B6A2A9A0078B128 /* CollectionViewController.swift in Sources */ = {isa = PBXBuildFile; fileRef = 8304B1002B6A2A9A0078B128 /* CollectionViewController.swift */; };
		833886FF2B4F7904002EE167 /* AppDelegate.swift in Sources */ = {isa = PBXBuildFile; fileRef = 833886FE2B4F7904002EE167 /* AppDelegate.swift */; };
		833887012B4F7904002EE167 /* SceneDelegate.swift in Sources */ = {isa = PBXBuildFile; fileRef = 833887002B4F7904002EE167 /* SceneDelegate.swift */; };
		833887032B4F7904002EE167 /* ViewController.swift in Sources */ = {isa = PBXBuildFile; fileRef = 833887022B4F7904002EE167 /* ViewController.swift */; };
		833887062B4F7904002EE167 /* Main.storyboard in Resources */ = {isa = PBXBuildFile; fileRef = 833887042B4F7904002EE167 /* Main.storyboard */; };
		833887082B4F7905002EE167 /* Assets.xcassets in Resources */ = {isa = PBXBuildFile; fileRef = 833887072B4F7905002EE167 /* Assets.xcassets */; };
		8338870B2B4F7905002EE167 /* LaunchScreen.storyboard in Resources */ = {isa = PBXBuildFile; fileRef = 833887092B4F7905002EE167 /* LaunchScreen.storyboard */; };
		833887142B4F8D34002EE167 /* YumemiWeather in Frameworks */ = {isa = PBXBuildFile; productRef = 833887132B4F8D34002EE167 /* YumemiWeather */; };
		833887162B4FC248002EE167 /* firstViewController.swift in Sources */ = {isa = PBXBuildFile; fileRef = 833887152B4FC248002EE167 /* firstViewController.swift */; };
		8375894E2B6377630034C012 /* StartPageViewController.swift in Sources */ = {isa = PBXBuildFile; fileRef = 8375894D2B6377630034C012 /* StartPageViewController.swift */; };
		83AEADCF2B6732A500014D2F /* WeatherListMode.swift in Sources */ = {isa = PBXBuildFile; fileRef = 83AEADCE2B6732A500014D2F /* WeatherListMode.swift */; };
		83AEADD12B67359C00014D2F /* Weather.swift in Sources */ = {isa = PBXBuildFile; fileRef = 83AEADD02B67359C00014D2F /* Weather.swift */; };
		83AEADD32B6735B400014D2F /* Area.swift in Sources */ = {isa = PBXBuildFile; fileRef = 83AEADD22B6735B400014D2F /* Area.swift */; };
		83EDBFF32B50F74100279F4F /* WeatherDetailModel.swift in Sources */ = {isa = PBXBuildFile; fileRef = 83EDBFF22B50F74100279F4F /* WeatherDetailModel.swift */; };
		83F9E5142B75C04F0010649A /* WeatherCollectionViewCell.swift in Sources */ = {isa = PBXBuildFile; fileRef = 83F9E5132B75C04F0010649A /* WeatherCollectionViewCell.swift */; };
/* End PBXBuildFile section */

/* Begin PBXFileReference section */
		8304B1002B6A2A9A0078B128 /* CollectionViewController.swift */ = {isa = PBXFileReference; lastKnownFileType = sourcecode.swift; path = CollectionViewController.swift; sourceTree = "<group>"; };
		833886FB2B4F7904002EE167 /* Weather.app */ = {isa = PBXFileReference; explicitFileType = wrapper.application; includeInIndex = 0; path = Weather.app; sourceTree = BUILT_PRODUCTS_DIR; };
		833886FE2B4F7904002EE167 /* AppDelegate.swift */ = {isa = PBXFileReference; lastKnownFileType = sourcecode.swift; path = AppDelegate.swift; sourceTree = "<group>"; };
		833887002B4F7904002EE167 /* SceneDelegate.swift */ = {isa = PBXFileReference; lastKnownFileType = sourcecode.swift; path = SceneDelegate.swift; sourceTree = "<group>"; };
		833887022B4F7904002EE167 /* ViewController.swift */ = {isa = PBXFileReference; lastKnownFileType = sourcecode.swift; path = ViewController.swift; sourceTree = "<group>"; };
		833887052B4F7904002EE167 /* Base */ = {isa = PBXFileReference; lastKnownFileType = file.storyboard; name = Base; path = Base.lproj/Main.storyboard; sourceTree = "<group>"; };
		833887072B4F7905002EE167 /* Assets.xcassets */ = {isa = PBXFileReference; lastKnownFileType = folder.assetcatalog; path = Assets.xcassets; sourceTree = "<group>"; };
		8338870A2B4F7905002EE167 /* Base */ = {isa = PBXFileReference; lastKnownFileType = file.storyboard; name = Base; path = Base.lproj/LaunchScreen.storyboard; sourceTree = "<group>"; };
		8338870C2B4F7905002EE167 /* Info.plist */ = {isa = PBXFileReference; lastKnownFileType = text.plist.xml; path = Info.plist; sourceTree = "<group>"; };
		833887152B4FC248002EE167 /* firstViewController.swift */ = {isa = PBXFileReference; lastKnownFileType = sourcecode.swift; path = firstViewController.swift; sourceTree = "<group>"; };
		8375894D2B6377630034C012 /* StartPageViewController.swift */ = {isa = PBXFileReference; lastKnownFileType = sourcecode.swift; path = StartPageViewController.swift; sourceTree = "<group>"; };
		83AEADCE2B6732A500014D2F /* WeatherListMode.swift */ = {isa = PBXFileReference; lastKnownFileType = sourcecode.swift; path = WeatherListMode.swift; sourceTree = "<group>"; };
		83AEADD02B67359C00014D2F /* Weather.swift */ = {isa = PBXFileReference; lastKnownFileType = sourcecode.swift; path = Weather.swift; sourceTree = "<group>"; };
		83AEADD22B6735B400014D2F /* Area.swift */ = {isa = PBXFileReference; lastKnownFileType = sourcecode.swift; path = Area.swift; sourceTree = "<group>"; };
		83EDBFF22B50F74100279F4F /* WeatherDetailModel.swift */ = {isa = PBXFileReference; lastKnownFileType = sourcecode.swift; path = WeatherDetailModel.swift; sourceTree = "<group>"; };
		83F9E5132B75C04F0010649A /* WeatherCollectionViewCell.swift */ = {isa = PBXFileReference; lastKnownFileType = sourcecode.swift; path = WeatherCollectionViewCell.swift; sourceTree = "<group>"; };
/* End PBXFileReference section */

/* Begin PBXFrameworksBuildPhase section */
		833886F82B4F7904002EE167 /* Frameworks */ = {
			isa = PBXFrameworksBuildPhase;
			buildActionMask = 2147483647;
			files = (
				833887142B4F8D34002EE167 /* YumemiWeather in Frameworks */,
			);
			runOnlyForDeploymentPostprocessing = 0;
		};
/* End PBXFrameworksBuildPhase section */

/* Begin PBXGroup section */
		833886F22B4F7903002EE167 = {
			isa = PBXGroup;
			children = (
				83AEADD02B67359C00014D2F /* Weather.swift */,
				83AEADD22B6735B400014D2F /* Area.swift */,
				833886FD2B4F7904002EE167 /* Weather */,
				833886FC2B4F7904002EE167 /* Products */,
			);
			sourceTree = "<group>";
		};
		833886FC2B4F7904002EE167 /* Products */ = {
			isa = PBXGroup;
			children = (
				833886FB2B4F7904002EE167 /* Weather.app */,
			);
			name = Products;
			sourceTree = "<group>";
		};
		833886FD2B4F7904002EE167 /* Weather */ = {
			isa = PBXGroup;
			children = (
				833886FE2B4F7904002EE167 /* AppDelegate.swift */,
				833887002B4F7904002EE167 /* SceneDelegate.swift */,
				83F9E5152B75E3260010649A /* View */,
				83EDBFF22B50F74100279F4F /* WeatherDetailModel.swift */,
				833887042B4F7904002EE167 /* Main.storyboard */,
				83F9E5132B75C04F0010649A /* WeatherCollectionViewCell.swift */,
				83AEADCE2B6732A500014D2F /* WeatherListMode.swift */,
				833887072B4F7905002EE167 /* Assets.xcassets */,
				833887092B4F7905002EE167 /* LaunchScreen.storyboard */,
				8338870C2B4F7905002EE167 /* Info.plist */,
			);
			path = Weather;
			sourceTree = "<group>";
		};
		83F9E5152B75E3260010649A /* View */ = {
			isa = PBXGroup;
			children = (
				8375894D2B6377630034C012 /* StartPageViewController.swift */,
				833887152B4FC248002EE167 /* firstViewController.swift */,
				8304B1002B6A2A9A0078B128 /* CollectionViewController.swift */,
				833887022B4F7904002EE167 /* ViewController.swift */,
			);
			path = View;
			sourceTree = "<group>";
		};
/* End PBXGroup section */

/* Begin PBXNativeTarget section */
		833886FA2B4F7904002EE167 /* Weather */ = {
			isa = PBXNativeTarget;
			buildConfigurationList = 8338870F2B4F7905002EE167 /* Build configuration list for PBXNativeTarget "Weather" */;
			buildPhases = (
				833886F72B4F7904002EE167 /* Sources */,
				833886F82B4F7904002EE167 /* Frameworks */,
				833886F92B4F7904002EE167 /* Resources */,
			);
			buildRules = (
			);
			dependencies = (
			);
			name = Weather;
			packageProductDependencies = (
				833887132B4F8D34002EE167 /* YumemiWeather */,
			);
			productName = Weather;
			productReference = 833886FB2B4F7904002EE167 /* Weather.app */;
			productType = "com.apple.product-type.application";
		};
/* End PBXNativeTarget section */

/* Begin PBXProject section */
		833886F32B4F7903002EE167 /* Project object */ = {
			isa = PBXProject;
			attributes = {
				BuildIndependentTargetsInParallel = 1;
				LastSwiftUpdateCheck = 1430;
				LastUpgradeCheck = 1430;
				TargetAttributes = {
					833886FA2B4F7904002EE167 = {
						CreatedOnToolsVersion = 14.3.1;
					};
				};
			};
			buildConfigurationList = 833886F62B4F7903002EE167 /* Build configuration list for PBXProject "Weather" */;
			compatibilityVersion = "Xcode 14.0";
			developmentRegion = en;
			hasScannedForEncodings = 0;
			knownRegions = (
				en,
				Base,
			);
			mainGroup = 833886F22B4F7903002EE167;
			packageReferences = (
				833887122B4F8D34002EE167 /* XCRemoteSwiftPackageReference "ios-training" */,
			);
			productRefGroup = 833886FC2B4F7904002EE167 /* Products */;
			projectDirPath = "";
			projectRoot = "";
			targets = (
				833886FA2B4F7904002EE167 /* Weather */,
			);
		};
/* End PBXProject section */

/* Begin PBXResourcesBuildPhase section */
		833886F92B4F7904002EE167 /* Resources */ = {
			isa = PBXResourcesBuildPhase;
			buildActionMask = 2147483647;
			files = (
				8338870B2B4F7905002EE167 /* LaunchScreen.storyboard in Resources */,
				833887082B4F7905002EE167 /* Assets.xcassets in Resources */,
				833887062B4F7904002EE167 /* Main.storyboard in Resources */,
			);
			runOnlyForDeploymentPostprocessing = 0;
		};
/* End PBXResourcesBuildPhase section */

/* Begin PBXSourcesBuildPhase section */
		833886F72B4F7904002EE167 /* Sources */ = {
			isa = PBXSourcesBuildPhase;
			buildActionMask = 2147483647;
			files = (
				8304B1012B6A2A9A0078B128 /* CollectionViewController.swift in Sources */,
				83AEADD12B67359C00014D2F /* Weather.swift in Sources */,
				83F9E5142B75C04F0010649A /* WeatherCollectionViewCell.swift in Sources */,
				833887032B4F7904002EE167 /* ViewController.swift in Sources */,
				83AEADCF2B6732A500014D2F /* WeatherListMode.swift in Sources */,
				833886FF2B4F7904002EE167 /* AppDelegate.swift in Sources */,
				83EDBFF32B50F74100279F4F /* WeatherDetailModel.swift in Sources */,
				833887012B4F7904002EE167 /* SceneDelegate.swift in Sources */,
				8375894E2B6377630034C012 /* StartPageViewController.swift in Sources */,
				83AEADD32B6735B400014D2F /* Area.swift in Sources */,
				833887162B4FC248002EE167 /* firstViewController.swift in Sources */,
			);
			runOnlyForDeploymentPostprocessing = 0;
		};
/* End PBXSourcesBuildPhase section */

/* Begin PBXVariantGroup section */
		833887042B4F7904002EE167 /* Main.storyboard */ = {
			isa = PBXVariantGroup;
			children = (
				833887052B4F7904002EE167 /* Base */,
			);
			name = Main.storyboard;
			sourceTree = "<group>";
		};
		833887092B4F7905002EE167 /* LaunchScreen.storyboard */ = {
			isa = PBXVariantGroup;
			children = (
				8338870A2B4F7905002EE167 /* Base */,
			);
			name = LaunchScreen.storyboard;
			sourceTree = "<group>";
		};
/* End PBXVariantGroup section */

/* Begin XCBuildConfiguration section */
		8338870D2B4F7905002EE167 /* Debug */ = {
			isa = XCBuildConfiguration;
			buildSettings = {
				ALWAYS_SEARCH_USER_PATHS = NO;
				CLANG_ANALYZER_NONNULL = YES;
				CLANG_ANALYZER_NUMBER_OBJECT_CONVERSION = YES_AGGRESSIVE;
				CLANG_CXX_LANGUAGE_STANDARD = "gnu++20";
				CLANG_ENABLE_MODULES = YES;
				CLANG_ENABLE_OBJC_ARC = YES;
				CLANG_ENABLE_OBJC_WEAK = YES;
				CLANG_WARN_BLOCK_CAPTURE_AUTORELEASING = YES;
				CLANG_WARN_BOOL_CONVERSION = YES;
				CLANG_WARN_COMMA = YES;
				CLANG_WARN_CONSTANT_CONVERSION = YES;
				CLANG_WARN_DEPRECATED_OBJC_IMPLEMENTATIONS = YES;
				CLANG_WARN_DIRECT_OBJC_ISA_USAGE = YES_ERROR;
				CLANG_WARN_DOCUMENTATION_COMMENTS = YES;
				CLANG_WARN_EMPTY_BODY = YES;
				CLANG_WARN_ENUM_CONVERSION = YES;
				CLANG_WARN_INFINITE_RECURSION = YES;
				CLANG_WARN_INT_CONVERSION = YES;
				CLANG_WARN_NON_LITERAL_NULL_CONVERSION = YES;
				CLANG_WARN_OBJC_IMPLICIT_RETAIN_SELF = YES;
				CLANG_WARN_OBJC_LITERAL_CONVERSION = YES;
				CLANG_WARN_OBJC_ROOT_CLASS = YES_ERROR;
				CLANG_WARN_QUOTED_INCLUDE_IN_FRAMEWORK_HEADER = YES;
				CLANG_WARN_RANGE_LOOP_ANALYSIS = YES;
				CLANG_WARN_STRICT_PROTOTYPES = YES;
				CLANG_WARN_SUSPICIOUS_MOVE = YES;
				CLANG_WARN_UNGUARDED_AVAILABILITY = YES_AGGRESSIVE;
				CLANG_WARN_UNREACHABLE_CODE = YES;
				CLANG_WARN__DUPLICATE_METHOD_MATCH = YES;
				COPY_PHASE_STRIP = NO;
				DEBUG_INFORMATION_FORMAT = dwarf;
				ENABLE_STRICT_OBJC_MSGSEND = YES;
				ENABLE_TESTABILITY = YES;
				GCC_C_LANGUAGE_STANDARD = gnu11;
				GCC_DYNAMIC_NO_PIC = NO;
				GCC_NO_COMMON_BLOCKS = YES;
				GCC_OPTIMIZATION_LEVEL = 0;
				GCC_PREPROCESSOR_DEFINITIONS = (
					"DEBUG=1",
					"$(inherited)",
				);
				GCC_WARN_64_TO_32_BIT_CONVERSION = YES;
				GCC_WARN_ABOUT_RETURN_TYPE = YES_ERROR;
				GCC_WARN_UNDECLARED_SELECTOR = YES;
				GCC_WARN_UNINITIALIZED_AUTOS = YES_AGGRESSIVE;
				GCC_WARN_UNUSED_FUNCTION = YES;
				GCC_WARN_UNUSED_VARIABLE = YES;
				IPHONEOS_DEPLOYMENT_TARGET = 16.4;
				MTL_ENABLE_DEBUG_INFO = INCLUDE_SOURCE;
				MTL_FAST_MATH = YES;
				ONLY_ACTIVE_ARCH = YES;
				SDKROOT = iphoneos;
				SWIFT_ACTIVE_COMPILATION_CONDITIONS = DEBUG;
				SWIFT_OPTIMIZATION_LEVEL = "-Onone";
			};
			name = Debug;
		};
		8338870E2B4F7905002EE167 /* Release */ = {
			isa = XCBuildConfiguration;
			buildSettings = {
				ALWAYS_SEARCH_USER_PATHS = NO;
				CLANG_ANALYZER_NONNULL = YES;
				CLANG_ANALYZER_NUMBER_OBJECT_CONVERSION = YES_AGGRESSIVE;
				CLANG_CXX_LANGUAGE_STANDARD = "gnu++20";
				CLANG_ENABLE_MODULES = YES;
				CLANG_ENABLE_OBJC_ARC = YES;
				CLANG_ENABLE_OBJC_WEAK = YES;
				CLANG_WARN_BLOCK_CAPTURE_AUTORELEASING = YES;
				CLANG_WARN_BOOL_CONVERSION = YES;
				CLANG_WARN_COMMA = YES;
				CLANG_WARN_CONSTANT_CONVERSION = YES;
				CLANG_WARN_DEPRECATED_OBJC_IMPLEMENTATIONS = YES;
				CLANG_WARN_DIRECT_OBJC_ISA_USAGE = YES_ERROR;
				CLANG_WARN_DOCUMENTATION_COMMENTS = YES;
				CLANG_WARN_EMPTY_BODY = YES;
				CLANG_WARN_ENUM_CONVERSION = YES;
				CLANG_WARN_INFINITE_RECURSION = YES;
				CLANG_WARN_INT_CONVERSION = YES;
				CLANG_WARN_NON_LITERAL_NULL_CONVERSION = YES;
				CLANG_WARN_OBJC_IMPLICIT_RETAIN_SELF = YES;
				CLANG_WARN_OBJC_LITERAL_CONVERSION = YES;
				CLANG_WARN_OBJC_ROOT_CLASS = YES_ERROR;
				CLANG_WARN_QUOTED_INCLUDE_IN_FRAMEWORK_HEADER = YES;
				CLANG_WARN_RANGE_LOOP_ANALYSIS = YES;
				CLANG_WARN_STRICT_PROTOTYPES = YES;
				CLANG_WARN_SUSPICIOUS_MOVE = YES;
				CLANG_WARN_UNGUARDED_AVAILABILITY = YES_AGGRESSIVE;
				CLANG_WARN_UNREACHABLE_CODE = YES;
				CLANG_WARN__DUPLICATE_METHOD_MATCH = YES;
				COPY_PHASE_STRIP = NO;
				DEBUG_INFORMATION_FORMAT = "dwarf-with-dsym";
				ENABLE_NS_ASSERTIONS = NO;
				ENABLE_STRICT_OBJC_MSGSEND = YES;
				GCC_C_LANGUAGE_STANDARD = gnu11;
				GCC_NO_COMMON_BLOCKS = YES;
				GCC_WARN_64_TO_32_BIT_CONVERSION = YES;
				GCC_WARN_ABOUT_RETURN_TYPE = YES_ERROR;
				GCC_WARN_UNDECLARED_SELECTOR = YES;
				GCC_WARN_UNINITIALIZED_AUTOS = YES_AGGRESSIVE;
				GCC_WARN_UNUSED_FUNCTION = YES;
				GCC_WARN_UNUSED_VARIABLE = YES;
				IPHONEOS_DEPLOYMENT_TARGET = 16.4;
				MTL_ENABLE_DEBUG_INFO = NO;
				MTL_FAST_MATH = YES;
				SDKROOT = iphoneos;
				SWIFT_COMPILATION_MODE = wholemodule;
				SWIFT_OPTIMIZATION_LEVEL = "-O";
				VALIDATE_PRODUCT = YES;
			};
			name = Release;
		};
		833887102B4F7905002EE167 /* Debug */ = {
			isa = XCBuildConfiguration;
			buildSettings = {
				ASSETCATALOG_COMPILER_APPICON_NAME = AppIcon;
				ASSETCATALOG_COMPILER_GLOBAL_ACCENT_COLOR_NAME = AccentColor;
				CODE_SIGN_STYLE = Automatic;
				CURRENT_PROJECT_VERSION = 1;
				GENERATE_INFOPLIST_FILE = YES;
				INFOPLIST_FILE = Weather/Info.plist;
				INFOPLIST_KEY_UIApplicationSupportsIndirectInputEvents = YES;
				INFOPLIST_KEY_UILaunchStoryboardName = LaunchScreen;
				INFOPLIST_KEY_UIMainStoryboardFile = Main;
				INFOPLIST_KEY_UISupportedInterfaceOrientations_iPad = "UIInterfaceOrientationPortrait UIInterfaceOrientationPortraitUpsideDown UIInterfaceOrientationLandscapeLeft UIInterfaceOrientationLandscapeRight";
				INFOPLIST_KEY_UISupportedInterfaceOrientations_iPhone = "UIInterfaceOrientationPortrait UIInterfaceOrientationLandscapeLeft UIInterfaceOrientationLandscapeRight";
				LD_RUNPATH_SEARCH_PATHS = (
					"$(inherited)",
					"@executable_path/Frameworks",
				);
				MARKETING_VERSION = 1.0;
				PRODUCT_BUNDLE_IDENTIFIER = "syota-kasai.Weather";
				PRODUCT_NAME = "$(TARGET_NAME)";
				SWIFT_EMIT_LOC_STRINGS = YES;
				SWIFT_VERSION = 5.0;
				TARGETED_DEVICE_FAMILY = "1,2";
			};
			name = Debug;
		};
		833887112B4F7905002EE167 /* Release */ = {
			isa = XCBuildConfiguration;
			buildSettings = {
				ASSETCATALOG_COMPILER_APPICON_NAME = AppIcon;
				ASSETCATALOG_COMPILER_GLOBAL_ACCENT_COLOR_NAME = AccentColor;
				CODE_SIGN_STYLE = Automatic;
				CURRENT_PROJECT_VERSION = 1;
				GENERATE_INFOPLIST_FILE = YES;
				INFOPLIST_FILE = Weather/Info.plist;
				INFOPLIST_KEY_UIApplicationSupportsIndirectInputEvents = YES;
				INFOPLIST_KEY_UILaunchStoryboardName = LaunchScreen;
				INFOPLIST_KEY_UIMainStoryboardFile = Main;
				INFOPLIST_KEY_UISupportedInterfaceOrientations_iPad = "UIInterfaceOrientationPortrait UIInterfaceOrientationPortraitUpsideDown UIInterfaceOrientationLandscapeLeft UIInterfaceOrientationLandscapeRight";
				INFOPLIST_KEY_UISupportedInterfaceOrientations_iPhone = "UIInterfaceOrientationPortrait UIInterfaceOrientationLandscapeLeft UIInterfaceOrientationLandscapeRight";
				LD_RUNPATH_SEARCH_PATHS = (
					"$(inherited)",
					"@executable_path/Frameworks",
				);
				MARKETING_VERSION = 1.0;
				PRODUCT_BUNDLE_IDENTIFIER = "syota-kasai.Weather";
				PRODUCT_NAME = "$(TARGET_NAME)";
				SWIFT_EMIT_LOC_STRINGS = YES;
				SWIFT_VERSION = 5.0;
				TARGETED_DEVICE_FAMILY = "1,2";
			};
			name = Release;
		};
/* End XCBuildConfiguration section */

/* Begin XCConfigurationList section */
		833886F62B4F7903002EE167 /* Build configuration list for PBXProject "Weather" */ = {
			isa = XCConfigurationList;
			buildConfigurations = (
				8338870D2B4F7905002EE167 /* Debug */,
				8338870E2B4F7905002EE167 /* Release */,
			);
			defaultConfigurationIsVisible = 0;
			defaultConfigurationName = Release;
		};
		8338870F2B4F7905002EE167 /* Build configuration list for PBXNativeTarget "Weather" */ = {
			isa = XCConfigurationList;
			buildConfigurations = (
				833887102B4F7905002EE167 /* Debug */,
				833887112B4F7905002EE167 /* Release */,
			);
			defaultConfigurationIsVisible = 0;
			defaultConfigurationName = Release;
		};
/* End XCConfigurationList section */

/* Begin XCRemoteSwiftPackageReference section */
		833887122B4F8D34002EE167 /* XCRemoteSwiftPackageReference "ios-training" */ = {
			isa = XCRemoteSwiftPackageReference;
			repositoryURL = "https://github.com/yumemi-inc/ios-training.git";
			requirement = {
				branch = main;
				kind = branch;
			};
		};
/* End XCRemoteSwiftPackageReference section */

/* Begin XCSwiftPackageProductDependency section */
		833887132B4F8D34002EE167 /* YumemiWeather */ = {
			isa = XCSwiftPackageProductDependency;
			package = 833887122B4F8D34002EE167 /* XCRemoteSwiftPackageReference "ios-training" */;
			productName = YumemiWeather;
		};
/* End XCSwiftPackageProductDependency section */
	};
	rootObject = 833886F32B4F7903002EE167 /* Project object */;
}
